
Microsoft Visual Studio Solution File, Format Version 12.00
# Visual Studio Version 16
VisualStudioVersion = 16.0.29519.181
MinimumVisualStudioVersion = 10.0.40219.1
Project("{2150E333-8FDC-42A3-9474-1A3956D46DE8}") = "External Projects", "External Projects", "{697D68BC-FB09-449A-B906-20AE791E2AE1}"
EndProject
Project("{FAE04EC0-301F-11D3-BF4B-00C04F79EFBC}") = "NsbMessages.ReportingModule", "NsbMessages.ReportingModule\NsbMessages.ReportingModule.csproj", "{45E97D01-E594-4656-BE5C-B6AD7DD56F3D}"
EndProject
Project("{FAE04EC0-301F-11D3-BF4B-00C04F79EFBC}") = "NsbServer.ReportingModule", "NsbServer.ReportingModule\NsbServer.ReportingModule.csproj", "{1E5D632F-32A2-4074-B469-10C10F4A4DFA}"
EndProject
Project("{FAE04EC0-301F-11D3-BF4B-00C04F79EFBC}") = "ReportingModule.Tests", "ReportingModule.Tests\ReportingModule.Tests.csproj", "{E0D094B3-461C-4DFD-813D-080C7132DA51}"
EndProject
Project("{FAE04EC0-301F-11D3-BF4B-00C04F79EFBC}") = "NsbWeb.ReportingModule", "NsbWeb.ReportingModule\NsbWeb.ReportingModule.csproj", "{C6FB8566-58CF-430C-ACC7-67AF1924D3C0}"
EndProject
Project("{FAE04EC0-301F-11D3-BF4B-00C04F79EFBC}") = "NsbWeb.Core", "ExternalProjects\NsbWeb.Core\NsbWeb.Core.csproj", "{69A27A77-B822-4EFE-81B0-F38EA137258E}"
EndProject
Project("{FAE04EC0-301F-11D3-BF4B-00C04F79EFBC}") = "ReportingModule.Core", "ExternalProjects\ReportingModule.Core\ReportingModule.Core.csproj", "{482D8201-8C6B-4AD5-8430-FBF8564FDE0C}"
EndProject
Project("{FAE04EC0-301F-11D3-BF4B-00C04F79EFBC}") = "ReportingModule.Utility", "ExternalProjects\ReportingModule.Utility\ReportingModule.Utility.csproj", "{B8425452-68D5-4A08-A6A8-EF5D3D1C6D14}"
EndProject
Project("{FAE04EC0-301F-11D3-BF4B-00C04F79EFBC}") = "ReportingModule.ViewModels.Core", "ExternalProjects\ReportingModule.ViewModels.Core\ReportingModule.ViewModels.Core.csproj", "{B99366A1-DB03-4164-8D20-8C85AB226A5E}"
EndProject
Project("{FAE04EC0-301F-11D3-BF4B-00C04F79EFBC}") = "ReportingModule.SystemTests.Common", "ExternalProjects\ReportingModule.SystemTests.Common\ReportingModule.SystemTests.Common.csproj", "{A8CBAF17-2290-4F1E-AA1F-2A99551977F3}"
EndProject
Project("{FAE04EC0-301F-11D3-BF4B-00C04F79EFBC}") = "ReportingModule.Website", "ReportingModule.Website\ReportingModule.Website.csproj", "{8233DBF1-466A-4FAC-A6A9-669BBF7CC488}"
EndProject
Project("{FAE04EC0-301F-11D3-BF4B-00C04F79EFBC}") = "ReportingModule.DataAccessLayer.Core", "ExternalProjects\ReportingModule.DataAccessLayer.Core\ReportingModule.DataAccessLayer.Core.csproj", "{E0B89C81-E094-4EF0-92AB-41CF0A489224}"
EndProject
Project("{2150E333-8FDC-42A3-9474-1A3956D46DE8}") = ".paket", ".paket", "{EA6B31E8-6BCE-479A-924C-A0C766A02399}"
	ProjectSection(SolutionItems) = preProject
		paket.dependencies = paket.dependencies
		paket.lock = paket.lock
	EndProjectSection
EndProject
Project("{FAE04EC0-301F-11D3-BF4B-00C04F79EFBC}") = "ReportingModule.Core.Nsb7", "ExternalProjects\ReportingModule.Core.Nsb7\ReportingModule.Core.Nsb7.csproj", "{7204F917-AE89-441B-BCEB-D9241A773752}"
EndProject
Project("{FAE04EC0-301F-11D3-BF4B-00C04F79EFBC}") = "ReportingModule.SystemTests.Nsb7", "ExternalProjects\ReportingModule.SystemTests.Nsb7\ReportingModule.SystemTests.Nsb7.csproj", "{0D4F4CD5-33D4-44FA-A940-2E406D59A698}"
EndProject
Global
	GlobalSection(SolutionConfigurationPlatforms) = preSolution
		AzureQAS|Any CPU = AzureQAS|Any CPU
		AzureQAS|x86 = AzureQAS|x86
		Debug|Any CPU = Debug|Any CPU
		Debug|x86 = Debug|x86
		Octopus|Any CPU = Octopus|Any CPU
		Octopus|x86 = Octopus|x86
		QAS|Any CPU = QAS|Any CPU
		QAS|x86 = QAS|x86
		Release|Any CPU = Release|Any CPU
		Release|x86 = Release|x86
		Staging|Any CPU = Staging|Any CPU
		Staging|x86 = Staging|x86
		Website|Any CPU = Website|Any CPU
		Website|x86 = Website|x86
	EndGlobalSection
	GlobalSection(ProjectConfigurationPlatforms) = postSolution
		{45E97D01-E594-4656-BE5C-B6AD7DD56F3D}.AzureQAS|Any CPU.ActiveCfg = AzureQAS|Any CPU
		{45E97D01-E594-4656-BE5C-B6AD7DD56F3D}.AzureQAS|Any CPU.Build.0 = AzureQAS|Any CPU
		{45E97D01-E594-4656-BE5C-B6AD7DD56F3D}.AzureQAS|x86.ActiveCfg = AzureQAS|Any CPU
		{45E97D01-E594-4656-BE5C-B6AD7DD56F3D}.AzureQAS|x86.Build.0 = AzureQAS|Any CPU
		{45E97D01-E594-4656-BE5C-B6AD7DD56F3D}.Debug|Any CPU.ActiveCfg = Debug|Any CPU
		{45E97D01-E594-4656-BE5C-B6AD7DD56F3D}.Debug|Any CPU.Build.0 = Debug|Any CPU
		{45E97D01-E594-4656-BE5C-B6AD7DD56F3D}.Debug|x86.ActiveCfg = Debug|Any CPU
		{45E97D01-E594-4656-BE5C-B6AD7DD56F3D}.Debug|x86.Build.0 = Debug|Any CPU
		{45E97D01-E594-4656-BE5C-B6AD7DD56F3D}.Octopus|Any CPU.ActiveCfg = Release|Any CPU
		{45E97D01-E594-4656-BE5C-B6AD7DD56F3D}.Octopus|Any CPU.Build.0 = Release|Any CPU
		{45E97D01-E594-4656-BE5C-B6AD7DD56F3D}.Octopus|x86.ActiveCfg = Release|Any CPU
		{45E97D01-E594-4656-BE5C-B6AD7DD56F3D}.Octopus|x86.Build.0 = Release|Any CPU
		{45E97D01-E594-4656-BE5C-B6AD7DD56F3D}.QAS|Any CPU.ActiveCfg = QAS|Any CPU
		{45E97D01-E594-4656-BE5C-B6AD7DD56F3D}.QAS|Any CPU.Build.0 = QAS|Any CPU
		{45E97D01-E594-4656-BE5C-B6AD7DD56F3D}.QAS|x86.ActiveCfg = QAS|Any CPU
		{45E97D01-E594-4656-BE5C-B6AD7DD56F3D}.QAS|x86.Build.0 = QAS|Any CPU
		{45E97D01-E594-4656-BE5C-B6AD7DD56F3D}.Release|Any CPU.ActiveCfg = Release|Any CPU
		{45E97D01-E594-4656-BE5C-B6AD7DD56F3D}.Release|Any CPU.Build.0 = Release|Any CPU
		{45E97D01-E594-4656-BE5C-B6AD7DD56F3D}.Release|x86.ActiveCfg = Release|Any CPU
		{45E97D01-E594-4656-BE5C-B6AD7DD56F3D}.Release|x86.Build.0 = Release|Any CPU
		{45E97D01-E594-4656-BE5C-B6AD7DD56F3D}.Staging|Any CPU.ActiveCfg = Staging|Any CPU
		{45E97D01-E594-4656-BE5C-B6AD7DD56F3D}.Staging|Any CPU.Build.0 = Staging|Any CPU
		{45E97D01-E594-4656-BE5C-B6AD7DD56F3D}.Staging|x86.ActiveCfg = Staging|Any CPU
		{45E97D01-E594-4656-BE5C-B6AD7DD56F3D}.Staging|x86.Build.0 = Staging|Any CPU
		{45E97D01-E594-4656-BE5C-B6AD7DD56F3D}.Website|Any CPU.ActiveCfg = Release|Any CPU
		{45E97D01-E594-4656-BE5C-B6AD7DD56F3D}.Website|Any CPU.Build.0 = Release|Any CPU
		{45E97D01-E594-4656-BE5C-B6AD7DD56F3D}.Website|x86.ActiveCfg = Release|Any CPU
		{45E97D01-E594-4656-BE5C-B6AD7DD56F3D}.Website|x86.Build.0 = Release|Any CPU
		{1E5D632F-32A2-4074-B469-10C10F4A4DFA}.AzureQAS|Any CPU.ActiveCfg = AzureQAS|Any CPU
		{1E5D632F-32A2-4074-B469-10C10F4A4DFA}.AzureQAS|Any CPU.Build.0 = AzureQAS|Any CPU
		{1E5D632F-32A2-4074-B469-10C10F4A4DFA}.AzureQAS|x86.ActiveCfg = AzureQAS|Any CPU
		{1E5D632F-32A2-4074-B469-10C10F4A4DFA}.AzureQAS|x86.Build.0 = AzureQAS|Any CPU
		{1E5D632F-32A2-4074-B469-10C10F4A4DFA}.Debug|Any CPU.ActiveCfg = Debug|Any CPU
		{1E5D632F-32A2-4074-B469-10C10F4A4DFA}.Debug|Any CPU.Build.0 = Debug|Any CPU
		{1E5D632F-32A2-4074-B469-10C10F4A4DFA}.Debug|x86.ActiveCfg = Debug|Any CPU
		{1E5D632F-32A2-4074-B469-10C10F4A4DFA}.Debug|x86.Build.0 = Debug|Any CPU
		{1E5D632F-32A2-4074-B469-10C10F4A4DFA}.Octopus|Any CPU.ActiveCfg = Octopus|Any CPU
		{1E5D632F-32A2-4074-B469-10C10F4A4DFA}.Octopus|Any CPU.Build.0 = Octopus|Any CPU
		{1E5D632F-32A2-4074-B469-10C10F4A4DFA}.Octopus|x86.ActiveCfg = Octopus|Any CPU
		{1E5D632F-32A2-4074-B469-10C10F4A4DFA}.Octopus|x86.Build.0 = Octopus|Any CPU
		{1E5D632F-32A2-4074-B469-10C10F4A4DFA}.QAS|Any CPU.ActiveCfg = QAS|Any CPU
		{1E5D632F-32A2-4074-B469-10C10F4A4DFA}.QAS|Any CPU.Build.0 = QAS|Any CPU
		{1E5D632F-32A2-4074-B469-10C10F4A4DFA}.QAS|x86.ActiveCfg = QAS|Any CPU
		{1E5D632F-32A2-4074-B469-10C10F4A4DFA}.QAS|x86.Build.0 = QAS|Any CPU
		{1E5D632F-32A2-4074-B469-10C10F4A4DFA}.Release|Any CPU.ActiveCfg = Release|Any CPU
		{1E5D632F-32A2-4074-B469-10C10F4A4DFA}.Release|Any CPU.Build.0 = Release|Any CPU
		{1E5D632F-32A2-4074-B469-10C10F4A4DFA}.Release|x86.ActiveCfg = Release|Any CPU
		{1E5D632F-32A2-4074-B469-10C10F4A4DFA}.Release|x86.Build.0 = Release|Any CPU
		{1E5D632F-32A2-4074-B469-10C10F4A4DFA}.Staging|Any CPU.ActiveCfg = Staging|Any CPU
		{1E5D632F-32A2-4074-B469-10C10F4A4DFA}.Staging|Any CPU.Build.0 = Staging|Any CPU
		{1E5D632F-32A2-4074-B469-10C10F4A4DFA}.Staging|x86.ActiveCfg = Staging|Any CPU
		{1E5D632F-32A2-4074-B469-10C10F4A4DFA}.Staging|x86.Build.0 = Staging|Any CPU
		{1E5D632F-32A2-4074-B469-10C10F4A4DFA}.Website|Any CPU.ActiveCfg = Release|Any CPU
		{1E5D632F-32A2-4074-B469-10C10F4A4DFA}.Website|Any CPU.Build.0 = Release|Any CPU
		{1E5D632F-32A2-4074-B469-10C10F4A4DFA}.Website|x86.ActiveCfg = Release|Any CPU
		{1E5D632F-32A2-4074-B469-10C10F4A4DFA}.Website|x86.Build.0 = Release|Any CPU
		{E0D094B3-461C-4DFD-813D-080C7132DA51}.AzureQAS|Any CPU.ActiveCfg = AzureQAS|Any CPU
		{E0D094B3-461C-4DFD-813D-080C7132DA51}.AzureQAS|Any CPU.Build.0 = AzureQAS|Any CPU
		{E0D094B3-461C-4DFD-813D-080C7132DA51}.AzureQAS|x86.ActiveCfg = AzureQAS|Any CPU
		{E0D094B3-461C-4DFD-813D-080C7132DA51}.AzureQAS|x86.Build.0 = AzureQAS|Any CPU
		{E0D094B3-461C-4DFD-813D-080C7132DA51}.Debug|Any CPU.ActiveCfg = Debug|Any CPU
		{E0D094B3-461C-4DFD-813D-080C7132DA51}.Debug|Any CPU.Build.0 = Debug|Any CPU
		{E0D094B3-461C-4DFD-813D-080C7132DA51}.Debug|x86.ActiveCfg = Debug|Any CPU
		{E0D094B3-461C-4DFD-813D-080C7132DA51}.Debug|x86.Build.0 = Debug|Any CPU
		{E0D094B3-461C-4DFD-813D-080C7132DA51}.Octopus|Any CPU.ActiveCfg = Release|Any CPU
		{E0D094B3-461C-4DFD-813D-080C7132DA51}.Octopus|Any CPU.Build.0 = Release|Any CPU
		{E0D094B3-461C-4DFD-813D-080C7132DA51}.Octopus|x86.ActiveCfg = Release|Any CPU
		{E0D094B3-461C-4DFD-813D-080C7132DA51}.Octopus|x86.Build.0 = Release|Any CPU
		{E0D094B3-461C-4DFD-813D-080C7132DA51}.QAS|Any CPU.ActiveCfg = QAS|Any CPU
		{E0D094B3-461C-4DFD-813D-080C7132DA51}.QAS|Any CPU.Build.0 = QAS|Any CPU
		{E0D094B3-461C-4DFD-813D-080C7132DA51}.QAS|x86.ActiveCfg = QAS|Any CPU
		{E0D094B3-461C-4DFD-813D-080C7132DA51}.QAS|x86.Build.0 = QAS|Any CPU
		{E0D094B3-461C-4DFD-813D-080C7132DA51}.Release|Any CPU.ActiveCfg = Release|Any CPU
		{E0D094B3-461C-4DFD-813D-080C7132DA51}.Release|Any CPU.Build.0 = Release|Any CPU
		{E0D094B3-461C-4DFD-813D-080C7132DA51}.Release|x86.ActiveCfg = Release|Any CPU
		{E0D094B3-461C-4DFD-813D-080C7132DA51}.Release|x86.Build.0 = Release|Any CPU
		{E0D094B3-461C-4DFD-813D-080C7132DA51}.Staging|Any CPU.ActiveCfg = Staging|Any CPU
		{E0D094B3-461C-4DFD-813D-080C7132DA51}.Staging|Any CPU.Build.0 = Staging|Any CPU
		{E0D094B3-461C-4DFD-813D-080C7132DA51}.Staging|x86.ActiveCfg = Staging|Any CPU
		{E0D094B3-461C-4DFD-813D-080C7132DA51}.Staging|x86.Build.0 = Staging|Any CPU
		{E0D094B3-461C-4DFD-813D-080C7132DA51}.Website|Any CPU.ActiveCfg = Release|Any CPU
		{E0D094B3-461C-4DFD-813D-080C7132DA51}.Website|Any CPU.Build.0 = Release|Any CPU
		{E0D094B3-461C-4DFD-813D-080C7132DA51}.Website|x86.ActiveCfg = Release|Any CPU
		{E0D094B3-461C-4DFD-813D-080C7132DA51}.Website|x86.Build.0 = Release|Any CPU
		{C6FB8566-58CF-430C-ACC7-67AF1924D3C0}.AzureQAS|Any CPU.ActiveCfg = AzureQAS|Any CPU
		{C6FB8566-58CF-430C-ACC7-67AF1924D3C0}.AzureQAS|Any CPU.Build.0 = AzureQAS|Any CPU
		{C6FB8566-58CF-430C-ACC7-67AF1924D3C0}.AzureQAS|x86.ActiveCfg = AzureQAS|Any CPU
		{C6FB8566-58CF-430C-ACC7-67AF1924D3C0}.AzureQAS|x86.Build.0 = AzureQAS|Any CPU
		{C6FB8566-58CF-430C-ACC7-67AF1924D3C0}.Debug|Any CPU.ActiveCfg = Debug|Any CPU
		{C6FB8566-58CF-430C-ACC7-67AF1924D3C0}.Debug|Any CPU.Build.0 = Debug|Any CPU
		{C6FB8566-58CF-430C-ACC7-67AF1924D3C0}.Debug|x86.ActiveCfg = Debug|Any CPU
		{C6FB8566-58CF-430C-ACC7-67AF1924D3C0}.Debug|x86.Build.0 = Debug|Any CPU
		{C6FB8566-58CF-430C-ACC7-67AF1924D3C0}.Octopus|Any CPU.ActiveCfg = Release|Any CPU
		{C6FB8566-58CF-430C-ACC7-67AF1924D3C0}.Octopus|Any CPU.Build.0 = Release|Any CPU
		{C6FB8566-58CF-430C-ACC7-67AF1924D3C0}.Octopus|x86.ActiveCfg = Release|Any CPU
		{C6FB8566-58CF-430C-ACC7-67AF1924D3C0}.Octopus|x86.Build.0 = Release|Any CPU
		{C6FB8566-58CF-430C-ACC7-67AF1924D3C0}.QAS|Any CPU.ActiveCfg = QAS|Any CPU
		{C6FB8566-58CF-430C-ACC7-67AF1924D3C0}.QAS|Any CPU.Build.0 = QAS|Any CPU
		{C6FB8566-58CF-430C-ACC7-67AF1924D3C0}.QAS|x86.ActiveCfg = QAS|Any CPU
		{C6FB8566-58CF-430C-ACC7-67AF1924D3C0}.QAS|x86.Build.0 = QAS|Any CPU
		{C6FB8566-58CF-430C-ACC7-67AF1924D3C0}.Release|Any CPU.ActiveCfg = Release|Any CPU
		{C6FB8566-58CF-430C-ACC7-67AF1924D3C0}.Release|Any CPU.Build.0 = Release|Any CPU
		{C6FB8566-58CF-430C-ACC7-67AF1924D3C0}.Release|x86.ActiveCfg = Release|Any CPU
		{C6FB8566-58CF-430C-ACC7-67AF1924D3C0}.Release|x86.Build.0 = Release|Any CPU
		{C6FB8566-58CF-430C-ACC7-67AF1924D3C0}.Staging|Any CPU.ActiveCfg = Staging|Any CPU
		{C6FB8566-58CF-430C-ACC7-67AF1924D3C0}.Staging|Any CPU.Build.0 = Staging|Any CPU
		{C6FB8566-58CF-430C-ACC7-67AF1924D3C0}.Staging|x86.ActiveCfg = Staging|Any CPU
		{C6FB8566-58CF-430C-ACC7-67AF1924D3C0}.Staging|x86.Build.0 = Staging|Any CPU
		{C6FB8566-58CF-430C-ACC7-67AF1924D3C0}.Website|Any CPU.ActiveCfg = Release|Any CPU
		{C6FB8566-58CF-430C-ACC7-67AF1924D3C0}.Website|Any CPU.Build.0 = Release|Any CPU
		{C6FB8566-58CF-430C-ACC7-67AF1924D3C0}.Website|x86.ActiveCfg = Release|Any CPU
		{C6FB8566-58CF-430C-ACC7-67AF1924D3C0}.Website|x86.Build.0 = Release|Any CPU
		{69A27A77-B822-4EFE-81B0-F38EA137258E}.AzureQAS|Any CPU.ActiveCfg = AzureQAS|Any CPU
		{69A27A77-B822-4EFE-81B0-F38EA137258E}.AzureQAS|Any CPU.Build.0 = AzureQAS|Any CPU
		{69A27A77-B822-4EFE-81B0-F38EA137258E}.AzureQAS|x86.ActiveCfg = AzureQAS|Any CPU
		{69A27A77-B822-4EFE-81B0-F38EA137258E}.AzureQAS|x86.Build.0 = AzureQAS|Any CPU
		{69A27A77-B822-4EFE-81B0-F38EA137258E}.Debug|Any CPU.ActiveCfg = Debug|Any CPU
		{69A27A77-B822-4EFE-81B0-F38EA137258E}.Debug|Any CPU.Build.0 = Debug|Any CPU
		{69A27A77-B822-4EFE-81B0-F38EA137258E}.Debug|x86.ActiveCfg = Debug|Any CPU
		{69A27A77-B822-4EFE-81B0-F38EA137258E}.Debug|x86.Build.0 = Debug|Any CPU
		{69A27A77-B822-4EFE-81B0-F38EA137258E}.Octopus|Any CPU.ActiveCfg = Release|Any CPU
		{69A27A77-B822-4EFE-81B0-F38EA137258E}.Octopus|Any CPU.Build.0 = Release|Any CPU
		{69A27A77-B822-4EFE-81B0-F38EA137258E}.Octopus|x86.ActiveCfg = Release|Any CPU
		{69A27A77-B822-4EFE-81B0-F38EA137258E}.Octopus|x86.Build.0 = Release|Any CPU
		{69A27A77-B822-4EFE-81B0-F38EA137258E}.QAS|Any CPU.ActiveCfg = QAS|Any CPU
		{69A27A77-B822-4EFE-81B0-F38EA137258E}.QAS|Any CPU.Build.0 = QAS|Any CPU
		{69A27A77-B822-4EFE-81B0-F38EA137258E}.QAS|x86.ActiveCfg = QAS|Any CPU
		{69A27A77-B822-4EFE-81B0-F38EA137258E}.QAS|x86.Build.0 = QAS|Any CPU
		{69A27A77-B822-4EFE-81B0-F38EA137258E}.Release|Any CPU.ActiveCfg = Release|Any CPU
		{69A27A77-B822-4EFE-81B0-F38EA137258E}.Release|Any CPU.Build.0 = Release|Any CPU
		{69A27A77-B822-4EFE-81B0-F38EA137258E}.Release|x86.ActiveCfg = Release|Any CPU
		{69A27A77-B822-4EFE-81B0-F38EA137258E}.Release|x86.Build.0 = Release|Any CPU
		{69A27A77-B822-4EFE-81B0-F38EA137258E}.Staging|Any CPU.ActiveCfg = Staging|Any CPU
		{69A27A77-B822-4EFE-81B0-F38EA137258E}.Staging|Any CPU.Build.0 = Staging|Any CPU
		{69A27A77-B822-4EFE-81B0-F38EA137258E}.Staging|x86.ActiveCfg = Staging|Any CPU
		{69A27A77-B822-4EFE-81B0-F38EA137258E}.Staging|x86.Build.0 = Staging|Any CPU
		{69A27A77-B822-4EFE-81B0-F38EA137258E}.Website|Any CPU.ActiveCfg = Release|Any CPU
		{69A27A77-B822-4EFE-81B0-F38EA137258E}.Website|Any CPU.Build.0 = Release|Any CPU
		{69A27A77-B822-4EFE-81B0-F38EA137258E}.Website|x86.ActiveCfg = Release|Any CPU
		{69A27A77-B822-4EFE-81B0-F38EA137258E}.Website|x86.Build.0 = Release|Any CPU
		{482D8201-8C6B-4AD5-8430-FBF8564FDE0C}.AzureQAS|Any CPU.ActiveCfg = AzureQAS|Any CPU
		{482D8201-8C6B-4AD5-8430-FBF8564FDE0C}.AzureQAS|Any CPU.Build.0 = AzureQAS|Any CPU
		{482D8201-8C6B-4AD5-8430-FBF8564FDE0C}.AzureQAS|x86.ActiveCfg = AzureQAS|Any CPU
		{482D8201-8C6B-4AD5-8430-FBF8564FDE0C}.AzureQAS|x86.Build.0 = AzureQAS|Any CPU
		{482D8201-8C6B-4AD5-8430-FBF8564FDE0C}.Debug|Any CPU.ActiveCfg = Debug|Any CPU
		{482D8201-8C6B-4AD5-8430-FBF8564FDE0C}.Debug|Any CPU.Build.0 = Debug|Any CPU
		{482D8201-8C6B-4AD5-8430-FBF8564FDE0C}.Debug|x86.ActiveCfg = Debug|Any CPU
		{482D8201-8C6B-4AD5-8430-FBF8564FDE0C}.Debug|x86.Build.0 = Debug|Any CPU
		{482D8201-8C6B-4AD5-8430-FBF8564FDE0C}.Octopus|Any CPU.ActiveCfg = Octopus|Any CPU
		{482D8201-8C6B-4AD5-8430-FBF8564FDE0C}.Octopus|Any CPU.Build.0 = Octopus|Any CPU
		{482D8201-8C6B-4AD5-8430-FBF8564FDE0C}.Octopus|x86.ActiveCfg = Octopus|Any CPU
		{482D8201-8C6B-4AD5-8430-FBF8564FDE0C}.Octopus|x86.Build.0 = Octopus|Any CPU
		{482D8201-8C6B-4AD5-8430-FBF8564FDE0C}.QAS|Any CPU.ActiveCfg = QAS|Any CPU
		{482D8201-8C6B-4AD5-8430-FBF8564FDE0C}.QAS|Any CPU.Build.0 = QAS|Any CPU
		{482D8201-8C6B-4AD5-8430-FBF8564FDE0C}.QAS|x86.ActiveCfg = QAS|Any CPU
		{482D8201-8C6B-4AD5-8430-FBF8564FDE0C}.QAS|x86.Build.0 = QAS|Any CPU
		{482D8201-8C6B-4AD5-8430-FBF8564FDE0C}.Release|Any CPU.ActiveCfg = Release|Any CPU
		{482D8201-8C6B-4AD5-8430-FBF8564FDE0C}.Release|Any CPU.Build.0 = Release|Any CPU
		{482D8201-8C6B-4AD5-8430-FBF8564FDE0C}.Release|x86.ActiveCfg = Release|Any CPU
		{482D8201-8C6B-4AD5-8430-FBF8564FDE0C}.Release|x86.Build.0 = Release|Any CPU
		{482D8201-8C6B-4AD5-8430-FBF8564FDE0C}.Staging|Any CPU.ActiveCfg = Staging|Any CPU
		{482D8201-8C6B-4AD5-8430-FBF8564FDE0C}.Staging|Any CPU.Build.0 = Staging|Any CPU
		{482D8201-8C6B-4AD5-8430-FBF8564FDE0C}.Staging|x86.ActiveCfg = Staging|Any CPU
		{482D8201-8C6B-4AD5-8430-FBF8564FDE0C}.Staging|x86.Build.0 = Staging|Any CPU
		{482D8201-8C6B-4AD5-8430-FBF8564FDE0C}.Website|Any CPU.ActiveCfg = Octopus|Any CPU
		{482D8201-8C6B-4AD5-8430-FBF8564FDE0C}.Website|Any CPU.Build.0 = Octopus|Any CPU
		{482D8201-8C6B-4AD5-8430-FBF8564FDE0C}.Website|x86.ActiveCfg = Octopus|Any CPU
		{482D8201-8C6B-4AD5-8430-FBF8564FDE0C}.Website|x86.Build.0 = Octopus|Any CPU
		{B8425452-68D5-4A08-A6A8-EF5D3D1C6D14}.AzureQAS|Any CPU.ActiveCfg = AzureQAS|Any CPU
		{B8425452-68D5-4A08-A6A8-EF5D3D1C6D14}.AzureQAS|Any CPU.Build.0 = AzureQAS|Any CPU
		{B8425452-68D5-4A08-A6A8-EF5D3D1C6D14}.AzureQAS|x86.ActiveCfg = AzureQAS|Any CPU
		{B8425452-68D5-4A08-A6A8-EF5D3D1C6D14}.AzureQAS|x86.Build.0 = AzureQAS|Any CPU
		{B8425452-68D5-4A08-A6A8-EF5D3D1C6D14}.Debug|Any CPU.ActiveCfg = Debug|Any CPU
		{B8425452-68D5-4A08-A6A8-EF5D3D1C6D14}.Debug|Any CPU.Build.0 = Debug|Any CPU
		{B8425452-68D5-4A08-A6A8-EF5D3D1C6D14}.Debug|x86.ActiveCfg = Debug|Any CPU
		{B8425452-68D5-4A08-A6A8-EF5D3D1C6D14}.Debug|x86.Build.0 = Debug|Any CPU
		{B8425452-68D5-4A08-A6A8-EF5D3D1C6D14}.Octopus|Any CPU.ActiveCfg = Release|Any CPU
		{B8425452-68D5-4A08-A6A8-EF5D3D1C6D14}.Octopus|Any CPU.Build.0 = Release|Any CPU
		{B8425452-68D5-4A08-A6A8-EF5D3D1C6D14}.Octopus|x86.ActiveCfg = Release|Any CPU
		{B8425452-68D5-4A08-A6A8-EF5D3D1C6D14}.Octopus|x86.Build.0 = Release|Any CPU
		{B8425452-68D5-4A08-A6A8-EF5D3D1C6D14}.QAS|Any CPU.ActiveCfg = QAS|Any CPU
		{B8425452-68D5-4A08-A6A8-EF5D3D1C6D14}.QAS|Any CPU.Build.0 = QAS|Any CPU
		{B8425452-68D5-4A08-A6A8-EF5D3D1C6D14}.QAS|x86.ActiveCfg = QAS|Any CPU
		{B8425452-68D5-4A08-A6A8-EF5D3D1C6D14}.QAS|x86.Build.0 = QAS|Any CPU
		{B8425452-68D5-4A08-A6A8-EF5D3D1C6D14}.Release|Any CPU.ActiveCfg = Release|Any CPU
		{B8425452-68D5-4A08-A6A8-EF5D3D1C6D14}.Release|Any CPU.Build.0 = Release|Any CPU
		{B8425452-68D5-4A08-A6A8-EF5D3D1C6D14}.Release|x86.ActiveCfg = Release|Any CPU
		{B8425452-68D5-4A08-A6A8-EF5D3D1C6D14}.Release|x86.Build.0 = Release|Any CPU
		{B8425452-68D5-4A08-A6A8-EF5D3D1C6D14}.Staging|Any CPU.ActiveCfg = Staging|Any CPU
		{B8425452-68D5-4A08-A6A8-EF5D3D1C6D14}.Staging|Any CPU.Build.0 = Staging|Any CPU
		{B8425452-68D5-4A08-A6A8-EF5D3D1C6D14}.Staging|x86.ActiveCfg = Staging|Any CPU
		{B8425452-68D5-4A08-A6A8-EF5D3D1C6D14}.Staging|x86.Build.0 = Staging|Any CPU
		{B8425452-68D5-4A08-A6A8-EF5D3D1C6D14}.Website|Any CPU.ActiveCfg = Release|Any CPU
		{B8425452-68D5-4A08-A6A8-EF5D3D1C6D14}.Website|Any CPU.Build.0 = Release|Any CPU
		{B8425452-68D5-4A08-A6A8-EF5D3D1C6D14}.Website|x86.ActiveCfg = Release|Any CPU
		{B8425452-68D5-4A08-A6A8-EF5D3D1C6D14}.Website|x86.Build.0 = Release|Any CPU
		{B99366A1-DB03-4164-8D20-8C85AB226A5E}.AzureQAS|Any CPU.ActiveCfg = AzureQAS|Any CPU
		{B99366A1-DB03-4164-8D20-8C85AB226A5E}.AzureQAS|Any CPU.Build.0 = AzureQAS|Any CPU
		{B99366A1-DB03-4164-8D20-8C85AB226A5E}.AzureQAS|x86.ActiveCfg = AzureQAS|Any CPU
		{B99366A1-DB03-4164-8D20-8C85AB226A5E}.AzureQAS|x86.Build.0 = AzureQAS|Any CPU
		{B99366A1-DB03-4164-8D20-8C85AB226A5E}.Debug|Any CPU.ActiveCfg = Debug|Any CPU
		{B99366A1-DB03-4164-8D20-8C85AB226A5E}.Debug|Any CPU.Build.0 = Debug|Any CPU
		{B99366A1-DB03-4164-8D20-8C85AB226A5E}.Debug|x86.ActiveCfg = Debug|Any CPU
		{B99366A1-DB03-4164-8D20-8C85AB226A5E}.Debug|x86.Build.0 = Debug|Any CPU
		{B99366A1-DB03-4164-8D20-8C85AB226A5E}.Octopus|Any CPU.ActiveCfg = Release|Any CPU
		{B99366A1-DB03-4164-8D20-8C85AB226A5E}.Octopus|Any CPU.Build.0 = Release|Any CPU
		{B99366A1-DB03-4164-8D20-8C85AB226A5E}.Octopus|x86.ActiveCfg = Release|Any CPU
		{B99366A1-DB03-4164-8D20-8C85AB226A5E}.Octopus|x86.Build.0 = Release|Any CPU
		{B99366A1-DB03-4164-8D20-8C85AB226A5E}.QAS|Any CPU.ActiveCfg = QAS|Any CPU
		{B99366A1-DB03-4164-8D20-8C85AB226A5E}.QAS|Any CPU.Build.0 = QAS|Any CPU
		{B99366A1-DB03-4164-8D20-8C85AB226A5E}.QAS|x86.ActiveCfg = QAS|Any CPU
		{B99366A1-DB03-4164-8D20-8C85AB226A5E}.QAS|x86.Build.0 = QAS|Any CPU
		{B99366A1-DB03-4164-8D20-8C85AB226A5E}.Release|Any CPU.ActiveCfg = Release|Any CPU
		{B99366A1-DB03-4164-8D20-8C85AB226A5E}.Release|Any CPU.Build.0 = Release|Any CPU
		{B99366A1-DB03-4164-8D20-8C85AB226A5E}.Release|x86.ActiveCfg = Release|Any CPU
		{B99366A1-DB03-4164-8D20-8C85AB226A5E}.Release|x86.Build.0 = Release|Any CPU
		{B99366A1-DB03-4164-8D20-8C85AB226A5E}.Staging|Any CPU.ActiveCfg = Staging|Any CPU
		{B99366A1-DB03-4164-8D20-8C85AB226A5E}.Staging|Any CPU.Build.0 = Staging|Any CPU
		{B99366A1-DB03-4164-8D20-8C85AB226A5E}.Staging|x86.ActiveCfg = Staging|Any CPU
		{B99366A1-DB03-4164-8D20-8C85AB226A5E}.Staging|x86.Build.0 = Staging|Any CPU
		{B99366A1-DB03-4164-8D20-8C85AB226A5E}.Website|Any CPU.ActiveCfg = Release|Any CPU
		{B99366A1-DB03-4164-8D20-8C85AB226A5E}.Website|Any CPU.Build.0 = Release|Any CPU
		{B99366A1-DB03-4164-8D20-8C85AB226A5E}.Website|x86.ActiveCfg = Release|Any CPU
		{B99366A1-DB03-4164-8D20-8C85AB226A5E}.Website|x86.Build.0 = Release|Any CPU
		{A8CBAF17-2290-4F1E-AA1F-2A99551977F3}.AzureQAS|Any CPU.ActiveCfg = AzureQAS|Any CPU
		{A8CBAF17-2290-4F1E-AA1F-2A99551977F3}.AzureQAS|Any CPU.Build.0 = AzureQAS|Any CPU
		{A8CBAF17-2290-4F1E-AA1F-2A99551977F3}.AzureQAS|x86.ActiveCfg = AzureQAS|Any CPU
		{A8CBAF17-2290-4F1E-AA1F-2A99551977F3}.AzureQAS|x86.Build.0 = AzureQAS|Any CPU
		{A8CBAF17-2290-4F1E-AA1F-2A99551977F3}.Debug|Any CPU.ActiveCfg = Debug|Any CPU
		{A8CBAF17-2290-4F1E-AA1F-2A99551977F3}.Debug|Any CPU.Build.0 = Debug|Any CPU
		{A8CBAF17-2290-4F1E-AA1F-2A99551977F3}.Debug|x86.ActiveCfg = Debug|Any CPU
		{A8CBAF17-2290-4F1E-AA1F-2A99551977F3}.Debug|x86.Build.0 = Debug|Any CPU
		{A8CBAF17-2290-4F1E-AA1F-2A99551977F3}.Octopus|Any CPU.ActiveCfg = Octopus|Any CPU
		{A8CBAF17-2290-4F1E-AA1F-2A99551977F3}.Octopus|Any CPU.Build.0 = Octopus|Any CPU
		{A8CBAF17-2290-4F1E-AA1F-2A99551977F3}.Octopus|x86.ActiveCfg = Octopus|Any CPU
		{A8CBAF17-2290-4F1E-AA1F-2A99551977F3}.Octopus|x86.Build.0 = Octopus|Any CPU
		{A8CBAF17-2290-4F1E-AA1F-2A99551977F3}.QAS|Any CPU.ActiveCfg = QAS|Any CPU
		{A8CBAF17-2290-4F1E-AA1F-2A99551977F3}.QAS|Any CPU.Build.0 = QAS|Any CPU
		{A8CBAF17-2290-4F1E-AA1F-2A99551977F3}.QAS|x86.ActiveCfg = QAS|Any CPU
		{A8CBAF17-2290-4F1E-AA1F-2A99551977F3}.QAS|x86.Build.0 = QAS|Any CPU
		{A8CBAF17-2290-4F1E-AA1F-2A99551977F3}.Release|Any CPU.ActiveCfg = Release|Any CPU
		{A8CBAF17-2290-4F1E-AA1F-2A99551977F3}.Release|Any CPU.Build.0 = Release|Any CPU
		{A8CBAF17-2290-4F1E-AA1F-2A99551977F3}.Release|x86.ActiveCfg = Release|Any CPU
		{A8CBAF17-2290-4F1E-AA1F-2A99551977F3}.Release|x86.Build.0 = Release|Any CPU
		{A8CBAF17-2290-4F1E-AA1F-2A99551977F3}.Staging|Any CPU.ActiveCfg = Staging|Any CPU
		{A8CBAF17-2290-4F1E-AA1F-2A99551977F3}.Staging|Any CPU.Build.0 = Staging|Any CPU
		{A8CBAF17-2290-4F1E-AA1F-2A99551977F3}.Staging|x86.ActiveCfg = Staging|Any CPU
		{A8CBAF17-2290-4F1E-AA1F-2A99551977F3}.Staging|x86.Build.0 = Staging|Any CPU
		{A8CBAF17-2290-4F1E-AA1F-2A99551977F3}.Website|Any CPU.ActiveCfg = Octopus|Any CPU
		{A8CBAF17-2290-4F1E-AA1F-2A99551977F3}.Website|Any CPU.Build.0 = Octopus|Any CPU
		{A8CBAF17-2290-4F1E-AA1F-2A99551977F3}.Website|x86.ActiveCfg = Octopus|Any CPU
		{A8CBAF17-2290-4F1E-AA1F-2A99551977F3}.Website|x86.Build.0 = Octopus|Any CPU
		{8233DBF1-466A-4FAC-A6A9-669BBF7CC488}.AzureQAS|Any CPU.ActiveCfg = Website|Any CPU
		{8233DBF1-466A-4FAC-A6A9-669BBF7CC488}.AzureQAS|Any CPU.Build.0 = Website|Any CPU
		{8233DBF1-466A-4FAC-A6A9-669BBF7CC488}.AzureQAS|x86.ActiveCfg = Website|Any CPU
		{8233DBF1-466A-4FAC-A6A9-669BBF7CC488}.AzureQAS|x86.Build.0 = Website|Any CPU
		{8233DBF1-466A-4FAC-A6A9-669BBF7CC488}.Debug|Any CPU.ActiveCfg = Debug|Any CPU
		{8233DBF1-466A-4FAC-A6A9-669BBF7CC488}.Debug|Any CPU.Build.0 = Debug|Any CPU
		{8233DBF1-466A-4FAC-A6A9-669BBF7CC488}.Debug|x86.ActiveCfg = Debug|Any CPU
		{8233DBF1-466A-4FAC-A6A9-669BBF7CC488}.Debug|x86.Build.0 = Debug|Any CPU
		{8233DBF1-466A-4FAC-A6A9-669BBF7CC488}.Octopus|Any CPU.ActiveCfg = Staging|Any CPU
		{8233DBF1-466A-4FAC-A6A9-669BBF7CC488}.Octopus|Any CPU.Build.0 = Staging|Any CPU
		{8233DBF1-466A-4FAC-A6A9-669BBF7CC488}.Octopus|x86.ActiveCfg = Staging|Any CPU
		{8233DBF1-466A-4FAC-A6A9-669BBF7CC488}.Octopus|x86.Build.0 = Staging|Any CPU
		{8233DBF1-466A-4FAC-A6A9-669BBF7CC488}.QAS|Any CPU.ActiveCfg = Website|Any CPU
		{8233DBF1-466A-4FAC-A6A9-669BBF7CC488}.QAS|Any CPU.Build.0 = Website|Any CPU
		{8233DBF1-466A-4FAC-A6A9-669BBF7CC488}.QAS|x86.ActiveCfg = Website|Any CPU
		{8233DBF1-466A-4FAC-A6A9-669BBF7CC488}.QAS|x86.Build.0 = Website|Any CPU
		{8233DBF1-466A-4FAC-A6A9-669BBF7CC488}.Release|Any CPU.ActiveCfg = Release|Any CPU
		{8233DBF1-466A-4FAC-A6A9-669BBF7CC488}.Release|Any CPU.Build.0 = Release|Any CPU
		{8233DBF1-466A-4FAC-A6A9-669BBF7CC488}.Release|x86.ActiveCfg = Release|Any CPU
		{8233DBF1-466A-4FAC-A6A9-669BBF7CC488}.Release|x86.Build.0 = Release|Any CPU
		{8233DBF1-466A-4FAC-A6A9-669BBF7CC488}.Staging|Any CPU.ActiveCfg = Staging|Any CPU
		{8233DBF1-466A-4FAC-A6A9-669BBF7CC488}.Staging|Any CPU.Build.0 = Staging|Any CPU
		{8233DBF1-466A-4FAC-A6A9-669BBF7CC488}.Staging|x86.ActiveCfg = Staging|Any CPU
		{8233DBF1-466A-4FAC-A6A9-669BBF7CC488}.Staging|x86.Build.0 = Staging|Any CPU
		{8233DBF1-466A-4FAC-A6A9-669BBF7CC488}.Website|Any CPU.ActiveCfg = Website|Any CPU
		{8233DBF1-466A-4FAC-A6A9-669BBF7CC488}.Website|Any CPU.Build.0 = Website|Any CPU
		{8233DBF1-466A-4FAC-A6A9-669BBF7CC488}.Website|x86.ActiveCfg = Website|Any CPU
		{8233DBF1-466A-4FAC-A6A9-669BBF7CC488}.Website|x86.Build.0 = Website|Any CPU
		{E0B89C81-E094-4EF0-92AB-41CF0A489224}.AzureQAS|Any CPU.ActiveCfg = AzureQAS|Any CPU
		{E0B89C81-E094-4EF0-92AB-41CF0A489224}.AzureQAS|Any CPU.Build.0 = AzureQAS|Any CPU
		{E0B89C81-E094-4EF0-92AB-41CF0A489224}.AzureQAS|x86.ActiveCfg = AzureQAS|Any CPU
		{E0B89C81-E094-4EF0-92AB-41CF0A489224}.AzureQAS|x86.Build.0 = AzureQAS|Any CPU
		{E0B89C81-E094-4EF0-92AB-41CF0A489224}.Debug|Any CPU.ActiveCfg = Debug|Any CPU
		{E0B89C81-E094-4EF0-92AB-41CF0A489224}.Debug|Any CPU.Build.0 = Debug|Any CPU
		{E0B89C81-E094-4EF0-92AB-41CF0A489224}.Debug|x86.ActiveCfg = Debug|Any CPU
		{E0B89C81-E094-4EF0-92AB-41CF0A489224}.Debug|x86.Build.0 = Debug|Any CPU
		{E0B89C81-E094-4EF0-92AB-41CF0A489224}.Octopus|Any CPU.ActiveCfg = Octopus|Any CPU
		{E0B89C81-E094-4EF0-92AB-41CF0A489224}.Octopus|Any CPU.Build.0 = Octopus|Any CPU
		{E0B89C81-E094-4EF0-92AB-41CF0A489224}.Octopus|x86.ActiveCfg = Octopus|Any CPU
		{E0B89C81-E094-4EF0-92AB-41CF0A489224}.Octopus|x86.Build.0 = Octopus|Any CPU
		{E0B89C81-E094-4EF0-92AB-41CF0A489224}.QAS|Any CPU.ActiveCfg = QAS|Any CPU
		{E0B89C81-E094-4EF0-92AB-41CF0A489224}.QAS|Any CPU.Build.0 = QAS|Any CPU
		{E0B89C81-E094-4EF0-92AB-41CF0A489224}.QAS|x86.ActiveCfg = QAS|Any CPU
		{E0B89C81-E094-4EF0-92AB-41CF0A489224}.QAS|x86.Build.0 = QAS|Any CPU
		{E0B89C81-E094-4EF0-92AB-41CF0A489224}.Release|Any CPU.ActiveCfg = Release|Any CPU
		{E0B89C81-E094-4EF0-92AB-41CF0A489224}.Release|Any CPU.Build.0 = Release|Any CPU
		{E0B89C81-E094-4EF0-92AB-41CF0A489224}.Release|x86.ActiveCfg = Release|Any CPU
		{E0B89C81-E094-4EF0-92AB-41CF0A489224}.Release|x86.Build.0 = Release|Any CPU
		{E0B89C81-E094-4EF0-92AB-41CF0A489224}.Staging|Any CPU.ActiveCfg = Staging|Any CPU
		{E0B89C81-E094-4EF0-92AB-41CF0A489224}.Staging|Any CPU.Build.0 = Staging|Any CPU
		{E0B89C81-E094-4EF0-92AB-41CF0A489224}.Staging|x86.ActiveCfg = Staging|Any CPU
		{E0B89C81-E094-4EF0-92AB-41CF0A489224}.Staging|x86.Build.0 = Staging|Any CPU
		{E0B89C81-E094-4EF0-92AB-41CF0A489224}.Website|Any CPU.ActiveCfg = Website|Any CPU
		{E0B89C81-E094-4EF0-92AB-41CF0A489224}.Website|Any CPU.Build.0 = Website|Any CPU
		{E0B89C81-E094-4EF0-92AB-41CF0A489224}.Website|x86.ActiveCfg = Website|Any CPU
		{E0B89C81-E094-4EF0-92AB-41CF0A489224}.Website|x86.Build.0 = Website|Any CPU
		{7204F917-AE89-441B-BCEB-D9241A773752}.AzureQAS|Any CPU.ActiveCfg = Release|Any CPU
		{7204F917-AE89-441B-BCEB-D9241A773752}.AzureQAS|Any CPU.Build.0 = Release|Any CPU
		{7204F917-AE89-441B-BCEB-D9241A773752}.AzureQAS|x86.ActiveCfg = Release|Any CPU
		{7204F917-AE89-441B-BCEB-D9241A773752}.AzureQAS|x86.Build.0 = Release|Any CPU
		{7204F917-AE89-441B-BCEB-D9241A773752}.Debug|Any CPU.ActiveCfg = Debug|Any CPU
		{7204F917-AE89-441B-BCEB-D9241A773752}.Debug|Any CPU.Build.0 = Debug|Any CPU
		{7204F917-AE89-441B-BCEB-D9241A773752}.Debug|x86.ActiveCfg = Debug|Any CPU
		{7204F917-AE89-441B-BCEB-D9241A773752}.Debug|x86.Build.0 = Debug|Any CPU
		{7204F917-AE89-441B-BCEB-D9241A773752}.Octopus|Any CPU.ActiveCfg = Release|Any CPU
		{7204F917-AE89-441B-BCEB-D9241A773752}.Octopus|Any CPU.Build.0 = Release|Any CPU
		{7204F917-AE89-441B-BCEB-D9241A773752}.Octopus|x86.ActiveCfg = Release|Any CPU
		{7204F917-AE89-441B-BCEB-D9241A773752}.Octopus|x86.Build.0 = Release|Any CPU
		{7204F917-AE89-441B-BCEB-D9241A773752}.QAS|Any CPU.ActiveCfg = Release|Any CPU
		{7204F917-AE89-441B-BCEB-D9241A773752}.QAS|Any CPU.Build.0 = Release|Any CPU
		{7204F917-AE89-441B-BCEB-D9241A773752}.QAS|x86.ActiveCfg = Release|Any CPU
		{7204F917-AE89-441B-BCEB-D9241A773752}.QAS|x86.Build.0 = Release|Any CPU
		{7204F917-AE89-441B-BCEB-D9241A773752}.Release|Any CPU.ActiveCfg = Release|Any CPU
		{7204F917-AE89-441B-BCEB-D9241A773752}.Release|Any CPU.Build.0 = Release|Any CPU
		{7204F917-AE89-441B-BCEB-D9241A773752}.Release|x86.ActiveCfg = Release|Any CPU
		{7204F917-AE89-441B-BCEB-D9241A773752}.Release|x86.Build.0 = Release|Any CPU
		{7204F917-AE89-441B-BCEB-D9241A773752}.Staging|Any CPU.ActiveCfg = Release|Any CPU
		{7204F917-AE89-441B-BCEB-D9241A773752}.Staging|Any CPU.Build.0 = Release|Any CPU
		{7204F917-AE89-441B-BCEB-D9241A773752}.Staging|x86.ActiveCfg = Release|Any CPU
		{7204F917-AE89-441B-BCEB-D9241A773752}.Staging|x86.Build.0 = Release|Any CPU
		{7204F917-AE89-441B-BCEB-D9241A773752}.Website|Any CPU.ActiveCfg = Release|Any CPU
		{7204F917-AE89-441B-BCEB-D9241A773752}.Website|Any CPU.Build.0 = Release|Any CPU
		{7204F917-AE89-441B-BCEB-D9241A773752}.Website|x86.ActiveCfg = Release|Any CPU
		{7204F917-AE89-441B-BCEB-D9241A773752}.Website|x86.Build.0 = Release|Any CPU
		{0D4F4CD5-33D4-44FA-A940-2E406D59A698}.AzureQAS|Any CPU.ActiveCfg = Release|Any CPU
		{0D4F4CD5-33D4-44FA-A940-2E406D59A698}.AzureQAS|Any CPU.Build.0 = Release|Any CPU
		{0D4F4CD5-33D4-44FA-A940-2E406D59A698}.AzureQAS|x86.ActiveCfg = Release|Any CPU
		{0D4F4CD5-33D4-44FA-A940-2E406D59A698}.AzureQAS|x86.Build.0 = Release|Any CPU
		{0D4F4CD5-33D4-44FA-A940-2E406D59A698}.Debug|Any CPU.ActiveCfg = Debug|Any CPU
		{0D4F4CD5-33D4-44FA-A940-2E406D59A698}.Debug|Any CPU.Build.0 = Debug|Any CPU
		{0D4F4CD5-33D4-44FA-A940-2E406D59A698}.Debug|x86.ActiveCfg = Debug|Any CPU
		{0D4F4CD5-33D4-44FA-A940-2E406D59A698}.Debug|x86.Build.0 = Debug|Any CPU
		{0D4F4CD5-33D4-44FA-A940-2E406D59A698}.Octopus|Any CPU.ActiveCfg = Release|Any CPU
		{0D4F4CD5-33D4-44FA-A940-2E406D59A698}.Octopus|Any CPU.Build.0 = Release|Any CPU
		{0D4F4CD5-33D4-44FA-A940-2E406D59A698}.Octopus|x86.ActiveCfg = Release|Any CPU
		{0D4F4CD5-33D4-44FA-A940-2E406D59A698}.Octopus|x86.Build.0 = Release|Any CPU
		{0D4F4CD5-33D4-44FA-A940-2E406D59A698}.QAS|Any CPU.ActiveCfg = Release|Any CPU
		{0D4F4CD5-33D4-44FA-A940-2E406D59A698}.QAS|Any CPU.Build.0 = Release|Any CPU
		{0D4F4CD5-33D4-44FA-A940-2E406D59A698}.QAS|x86.ActiveCfg = Release|Any CPU
		{0D4F4CD5-33D4-44FA-A940-2E406D59A698}.QAS|x86.Build.0 = Release|Any CPU
		{0D4F4CD5-33D4-44FA-A940-2E406D59A698}.Release|Any CPU.ActiveCfg = Release|Any CPU
		{0D4F4CD5-33D4-44FA-A940-2E406D59A698}.Release|Any CPU.Build.0 = Release|Any CPU
		{0D4F4CD5-33D4-44FA-A940-2E406D59A698}.Release|x86.ActiveCfg = Release|Any CPU
		{0D4F4CD5-33D4-44FA-A940-2E406D59A698}.Release|x86.Build.0 = Release|Any CPU
		{0D4F4CD5-33D4-44FA-A940-2E406D59A698}.Staging|Any CPU.ActiveCfg = Release|Any CPU
		{0D4F4CD5-33D4-44FA-A940-2E406D59A698}.Staging|Any CPU.Build.0 = Release|Any CPU
		{0D4F4CD5-33D4-44FA-A940-2E406D59A698}.Staging|x86.ActiveCfg = Release|Any CPU
		{0D4F4CD5-33D4-44FA-A940-2E406D59A698}.Staging|x86.Build.0 = Release|Any CPU
		{0D4F4CD5-33D4-44FA-A940-2E406D59A698}.Website|Any CPU.ActiveCfg = Release|Any CPU
		{0D4F4CD5-33D4-44FA-A940-2E406D59A698}.Website|Any CPU.Build.0 = Release|Any CPU
		{0D4F4CD5-33D4-44FA-A940-2E406D59A698}.Website|x86.ActiveCfg = Release|Any CPU
		{0D4F4CD5-33D4-44FA-A940-2E406D59A698}.Website|x86.Build.0 = Release|Any CPU
	EndGlobalSection
	GlobalSection(SolutionProperties) = preSolution
		HideSolutionNode = FALSE
	EndGlobalSection
	GlobalSection(NestedProjects) = preSolution
		{69A27A77-B822-4EFE-81B0-F38EA137258E} = {697D68BC-FB09-449A-B906-20AE791E2AE1}
		{482D8201-8C6B-4AD5-8430-FBF8564FDE0C} = {697D68BC-FB09-449A-B906-20AE791E2AE1}
		{B8425452-68D5-4A08-A6A8-EF5D3D1C6D14} = {697D68BC-FB09-449A-B906-20AE791E2AE1}
		{B99366A1-DB03-4164-8D20-8C85AB226A5E} = {697D68BC-FB09-449A-B906-20AE791E2AE1}
		{A8CBAF17-2290-4F1E-AA1F-2A99551977F3} = {697D68BC-FB09-449A-B906-20AE791E2AE1}
		{E0B89C81-E094-4EF0-92AB-41CF0A489224} = {697D68BC-FB09-449A-B906-20AE791E2AE1}
		{7204F917-AE89-441B-BCEB-D9241A773752} = {697D68BC-FB09-449A-B906-20AE791E2AE1}
		{0D4F4CD5-33D4-44FA-A940-2E406D59A698} = {697D68BC-FB09-449A-B906-20AE791E2AE1}
	EndGlobalSection
	GlobalSection(ExtensibilityGlobals) = postSolution
		SolutionGuid = {5A5918DB-24D2-4AFD-9DD0-90FF1B8E2A77}
	EndGlobalSection
EndGlobal
